{
  "version": "4",
  "specifiers": {
    "jsr:@std/fs@^1.0.4": "1.0.4",
    "jsr:@std/path@1.0.6": "1.0.6",
    "jsr:@std/path@^1.0.6": "1.0.6",
    "jsr:@std/streams@^1.0.7": "1.0.7",
    "jsr:@std/tar@~0.1.2": "0.1.2"
  },
  "jsr": {
    "@std/fs@1.0.4": {
      "integrity": "2907d32d8d1d9e540588fd5fe0ec21ee638134bd51df327ad4e443aaef07123c",
      "dependencies": [
        "jsr:@std/path@^1.0.6"
      ]
    },
    "@std/path@1.0.6": {
      "integrity": "ab2c55f902b380cf28e0eec501b4906e4c1960d13f00e11cfbcd21de15f18fed"
    },
    "@std/streams@1.0.7": {
      "integrity": "1a93917ca0c58c01b2bfb93647189229b1702677f169b6fb61ad6241cd2e499b"
    },
    "@std/tar@0.1.2": {
      "integrity": "98183102395decd6268253996177804f818580ef547a25b81da0e7cc334db708",
      "dependencies": [
        "jsr:@std/streams"
      ]
    }
  },
  "workspace": {
    "dependencies": [
      "jsr:@std/fs@^1.0.4",
      "jsr:@std/path@1.0.6",
      "jsr:@std/tar@~0.1.2"
    ]
  }
}
